# Generated by pub
# See https://dart.dev/tools/pub/glossary#lockfile
packages:
  _flutterfire_internals:
    dependency: transitive
    description:
      name: _flutterfire_internals
      sha256: e1d4810cd162d842ab1578239a4279a2402d3c1731c1345286df027c830890f8
      url: "https://pub.dev"
    source: hosted
    version: "1.0.9"
  appsflyer_sdk:
    dependency: "direct main"
    description:
      name: appsflyer_sdk
      sha256: bba6e9302f4ebac2e45a1b149874fca8b340d145e4c1011286d4776bf6e9ad4c
      url: "https://pub.dev"
    source: hosted
    version: "6.9.3"
  archive:
    dependency: transitive
    description:
      name: archive
      sha256: ed7cc591a948744994714375caf9a2ce89e1d82e8243997c8a2994d57181c212
      url: "https://pub.dev"
    source: hosted
    version: "3.3.5"
  args:
    dependency: transitive
    description:
      name: args
      sha256: b003c3098049a51720352d219b0bb5f219b60fbfb68e7a4748139a06a5676515
      url: "https://pub.dev"
    source: hosted
    version: "2.3.1"
  async:
    dependency: transitive
    description:
      name: async
      sha256: bfe67ef28df125b7dddcea62755991f807aa39a2492a23e1550161692950bbe0
      url: "https://pub.dev"
    source: hosted
    version: "2.10.0"
  audio_session:
    dependency: transitive
    description:
      name: audio_session
      sha256: "4de2c8779b20816238ad9d454c45ced06f8b6d56ee8d19715f6c451c047982a8"
      url: "https://pub.dev"
    source: hosted
    version: "0.1.11"
  barcode:
    dependency: transitive
    description:
      name: barcode
      sha256: "52570564684bbb0240a9f1fdb6bad12adc5e0540103c1c96d6dd550bd928b1c9"
      url: "https://pub.dev"
    source: hosted
    version: "2.2.3"
  boolean_selector:
    dependency: transitive
    description:
      name: boolean_selector
      sha256: "6cfb5af12253eaf2b368f07bacc5a80d1301a071c73360d746b7f2e32d762c66"
      url: "https://pub.dev"
    source: hosted
    version: "2.1.1"
  characters:
    dependency: transitive
    description:
      name: characters
      sha256: e6a326c8af69605aec75ed6c187d06b349707a27fbff8222ca9cc2cff167975c
      url: "https://pub.dev"
    source: hosted
    version: "1.2.1"
  charcode:
    dependency: transitive
    description:
      name: charcode
      sha256: fb98c0f6d12c920a02ee2d998da788bca066ca5f148492b7085ee23372b12306
      url: "https://pub.dev"
    source: hosted
    version: "1.3.1"
  clock:
    dependency: transitive
    description:
      name: clock
      sha256: cb6d7f03e1de671e34607e909a7213e31d7752be4fb66a86d29fe1eb14bfb5cf
      url: "https://pub.dev"
    source: hosted
    version: "1.1.1"
  cloud_firestore_platform_interface:
    dependency: transitive
    description:
      name: cloud_firestore_platform_interface
      sha256: ea3d1d12d72ecaa58909d93e50aca53263d3bf06b904a7f0f1dcd5798941c09b
      url: "https://pub.dev"
    source: hosted
    version: "5.9.0"
  cloud_firestore_web:
    dependency: transitive
    description:
      name: cloud_firestore_web
      sha256: "3c9a77380e6a053129c2cb6dbe8ef1b708f4350ce0dad220d2c05cd68a2d467f"
      url: "https://pub.dev"
    source: hosted
    version: "3.1.0"
  collection:
    dependency: transitive
    description:
      name: collection
      sha256: cfc915e6923fe5ce6e153b0723c753045de46de1b4d63771530504004a45fae0
      url: "https://pub.dev"
    source: hosted
    version: "1.17.0"
  connectivity_plus:
    dependency: "direct main"
    description:
      name: connectivity_plus
      sha256: "3f8fe4e504c2d33696dac671a54909743bc6a902a9bb0902306f7a2aed7e528e"
      url: "https://pub.dev"
    source: hosted
    version: "2.3.9"
  connectivity_plus_linux:
    dependency: transitive
    description:
      name: connectivity_plus_linux
      sha256: "3caf859d001f10407b8e48134c761483e4495ae38094ffcca97193f6c271f5e2"
      url: "https://pub.dev"
    source: hosted
    version: "1.3.1"
  connectivity_plus_macos:
    dependency: transitive
    description:
      name: connectivity_plus_macos
      sha256: "488d2de1e47e1224ad486e501b20b088686ba1f4ee9c4420ecbc3b9824f0b920"
      url: "https://pub.dev"
    source: hosted
    version: "1.2.6"
  connectivity_plus_platform_interface:
    dependency: transitive
    description:
      name: connectivity_plus_platform_interface
      sha256: b8795b9238bf83b64375f63492034cb3d8e222af4d9ce59dda085edf038fa06f
      url: "https://pub.dev"
    source: hosted
    version: "1.2.3"
  connectivity_plus_web:
    dependency: transitive
    description:
      name: connectivity_plus_web
      sha256: "81332be1b4baf8898fed17bb4fdef27abb7c6fd990bf98c54fd978478adf2f1a"
      url: "https://pub.dev"
    source: hosted
    version: "1.2.5"
  connectivity_plus_windows:
    dependency: transitive
    description:
      name: connectivity_plus_windows
      sha256: "535b0404b4d5605c4dd8453d67e5d6d2ea0dd36e3b477f50f31af51b0aeab9dd"
      url: "https://pub.dev"
    source: hosted
    version: "1.2.2"
  convert:
    dependency: transitive
    description:
      name: convert
      sha256: "1be13198012c1d5bc042dc40ad1d7f16cbd522350984c0c1abf471d6d7e305c6"
      url: "https://pub.dev"
    source: hosted
    version: "3.1.0"
  cross_file:
    dependency: transitive
    description:
      name: cross_file
      sha256: f71079978789bc2fe78d79227f1f8cfe195b31bbd8db2399b0d15a4b96fb843b
      url: "https://pub.dev"
    source: hosted
    version: "0.3.3+2"
  crypto:
    dependency: transitive
    description:
      name: crypto
      sha256: aa274aa7774f8964e4f4f38cc994db7b6158dd36e9187aaceaddc994b35c6c67
      url: "https://pub.dev"
    source: hosted
    version: "3.0.2"
  csslib:
    dependency: transitive
    description:
      name: csslib
      sha256: b36c7f7e24c0bdf1bf9a3da461c837d1de64b9f8beb190c9011d8c72a3dfd745
      url: "https://pub.dev"
    source: hosted
    version: "0.17.2"
  cupertino_icons:
    dependency: "direct main"
    description:
      name: cupertino_icons
      sha256: e35129dc44c9118cee2a5603506d823bab99c68393879edb440e0090d07586be
      url: "https://pub.dev"
    source: hosted
    version: "1.0.5"
  custom_pop_up_menu:
    dependency: "direct main"
    description:
      name: custom_pop_up_menu
      sha256: eeac484c6ddffffb25e803dc2a5cc9381e700a29f074e9fcc76fe36b62fde850
      url: "https://pub.dev"
    source: hosted
    version: "1.2.4"
  dart_ipify:
    dependency: "direct main"
    description:
      name: dart_ipify
      sha256: "3b70d589504126107e81ad0703d91394cc8e2039cb0a11ebd92b9b824a5e9561"
      url: "https://pub.dev"
    source: hosted
    version: "1.1.1"
  dbus:
    dependency: transitive
    description:
      name: dbus
      sha256: "253bfaa3d340778d8bc755e89c3af38e85ef95e65fd5d5670aa3167f8d4f6577"
      url: "https://pub.dev"
    source: hosted
    version: "0.7.4"
  device_information:
    dependency: "direct main"
    description:
      name: device_information
      sha256: "26dd2630a9db8e0c55f5685a5d515ed40ded24219f5e7f14dcfae5a2bd1f2ddf"
      url: "https://pub.dev"
    source: hosted
    version: "0.0.4"
  dio:
    dependency: "direct main"
    description:
      name: dio
      sha256: "7d328c4d898a61efc3cd93655a0955858e29a0aa647f0f9e02d59b3bb275e2e8"
      url: "https://pub.dev"
    source: hosted
    version: "4.0.6"
  dotted_border:
    dependency: "direct main"
    description:
      name: dotted_border
      sha256: "07a5c5e8d4e6e992279e190e0352be8faa5b8f96d81c77a78b2d42f060279840"
      url: "https://pub.dev"
    source: hosted
    version: "2.0.0+3"
  dropdown_button2:
    dependency: "direct main"
    description:
      name: dropdown_button2
      sha256: "580bfe26a91e822a95d96e227ac02c1e14a7d5eea32501d0fbc6fe8d5c5606e5"
      url: "https://pub.dev"
    source: hosted
    version: "1.9.2"
  eventify:
    dependency: transitive
    description:
      name: eventify
      sha256: b829429f08586cc2001c628e7499e3e3c2493a1d895fd73b00ecb23351aa5a66
      url: "https://pub.dev"
    source: hosted
    version: "1.0.1"
  expand_widget:
    dependency: "direct main"
    description:
      name: expand_widget
      sha256: a6cfafe8e22da868bd208951a7d6cf21d3468ce650c65367138b5308963fa86b
      url: "https://pub.dev"
    source: hosted
    version: "2.1.0"
  fake_async:
    dependency: transitive
    description:
      name: fake_async
      sha256: "511392330127add0b769b75a987850d136345d9227c6b94c96a04cf4a391bf78"
      url: "https://pub.dev"
    source: hosted
    version: "1.3.1"
  ffi:
    dependency: transitive
    description:
      name: ffi
      sha256: "13a6ccf6a459a125b3fcdb6ec73bd5ff90822e071207c663bfd1f70062d51d18"
      url: "https://pub.dev"
    source: hosted
    version: "1.2.1"
  file:
    dependency: transitive
    description:
      name: file
      sha256: "1b92bec4fc2a72f59a8e15af5f52cd441e4a7860b49499d69dfa817af20e925d"
      url: "https://pub.dev"
    source: hosted
    version: "6.1.4"
  file_picker:
    dependency: "direct main"
    description:
      name: file_picker
      sha256: "704259669b5e9cb24e15c11cfcf02caf5f20d30901b3916d60b6d1c2d647035f"
      url: "https://pub.dev"
    source: hosted
    version: "4.6.1"
  firebase_core:
    dependency: "direct main"
    description:
      name: firebase_core
      sha256: "904bd270364cf4dfaf3c58dc6939c4c7ad26e2877d820dc295ade2cd589d70f3"
      url: "https://pub.dev"
    source: hosted
    version: "2.3.0"
  firebase_core_platform_interface:
    dependency: transitive
    description:
      name: firebase_core_platform_interface
      sha256: "5fab93f5b354648efa62e7cc829c90efb68c8796eecf87e0888cae2d5f3accd4"
      url: "https://pub.dev"
    source: hosted
    version: "4.5.2"
  firebase_core_web:
    dependency: transitive
    description:
      name: firebase_core_web
      sha256: a2acf43001a7fcd2997ce6b487b17666077be507d885c9941dd870a16aef3040
      url: "https://pub.dev"
    source: hosted
    version: "2.0.1"
  firebase_crashlytics:
    dependency: "direct main"
    description:
      name: firebase_crashlytics
      sha256: "5cef9f58c38d11040f275daefc853a8be241270b3e94b3c0ee4c5451d871f39b"
      url: "https://pub.dev"
    source: hosted
    version: "3.0.6"
  firebase_crashlytics_platform_interface:
    dependency: transitive
    description:
      name: firebase_crashlytics_platform_interface
      sha256: "533861182fc4e3d209726fc6583395ea1a48f6a2fcd8cb091101846afd73134d"
      url: "https://pub.dev"
    source: hosted
    version: "3.3.7"
  firebase_messaging:
    dependency: "direct main"
    description:
      name: firebase_messaging
      sha256: cc4688b272107038da662f442f9c8a8f855b494eadfcb64aca8ccdd22e74224c
      url: "https://pub.dev"
    source: hosted
    version: "14.1.3"
  firebase_messaging_platform_interface:
    dependency: transitive
    description:
      name: firebase_messaging_platform_interface
      sha256: "7367f7cd05d77a620db7e687a71c5560894b8cf742ec09e39dfcd71f484a8fc2"
      url: "https://pub.dev"
    source: hosted
    version: "4.2.7"
  firebase_messaging_web:
    dependency: transitive
    description:
      name: firebase_messaging_web
      sha256: "7a7d909ce0ea17f1d7bd2fbc592641237adbeafa489a435d7aa89f29f2db9e01"
      url: "https://pub.dev"
    source: hosted
    version: "3.2.8"
  flutter:
    dependency: "direct main"
    description: flutter
    source: sdk
    version: "0.0.0"
  flutter_countdown_timer:
    dependency: "direct main"
    description:
      name: flutter_countdown_timer
      sha256: dfcbd7d6f76a5589f78f3f3ba2f9ea2e199368eccc1adce4153ce985b9587bc5
      url: "https://pub.dev"
    source: hosted
    version: "4.1.0"
  flutter_inappwebview:
    dependency: transitive
    description:
      name: flutter_inappwebview
      sha256: d28043f7d2a4708bc3b1656278739d738fa0412c80121572f73e875bc1fd8ece
      url: "https://pub.dev"
    source: hosted
    version: "5.7.2+2"
  flutter_local_notifications:
    dependency: "direct main"
    description:
      name: flutter_local_notifications
      sha256: f222919a34545931e47b06000836b5101baeffb0e6eb5a4691d2d42851740dd9
      url: "https://pub.dev"
    source: hosted
    version: "12.0.4"
  flutter_local_notifications_linux:
    dependency: transitive
    description:
      name: flutter_local_notifications_linux
      sha256: "6af440e3962eeab8459602c309d7d4ab9e62f05d5cfe58195a28f846a0b5d523"
      url: "https://pub.dev"
    source: hosted
    version: "1.0.0"
  flutter_local_notifications_platform_interface:
    dependency: transitive
    description:
      name: flutter_local_notifications_platform_interface
      sha256: "5ec1feac5f7f7d9266759488bc5f76416152baba9aa1b26fe572246caa00d1ab"
      url: "https://pub.dev"
    source: hosted
    version: "6.0.0"
  flutter_plugin_android_lifecycle:
    dependency: transitive
    description:
      name: flutter_plugin_android_lifecycle
      sha256: "60fc7b78455b94e6de2333d2f95196d32cf5c22f4b0b0520a628804cb463503b"
      url: "https://pub.dev"
    source: hosted
    version: "2.0.7"
  flutter_spinkit:
    dependency: "direct main"
    description:
      name: flutter_spinkit
      sha256: "77a2117c0517ff909221f3160b8eb20052ab5216107581168af574ac1f05dff8"
      url: "https://pub.dev"
    source: hosted
    version: "5.1.0"
  flutter_switch:
    dependency: "direct main"
    description:
      name: flutter_switch
      sha256: b91477f926bba135d2d203d7b24367492662d8d9c3aa6adb960b14c1087d3c41
      url: "https://pub.dev"
    source: hosted
    version: "0.3.2"
  flutter_test:
    dependency: "direct dev"
    description: flutter
    source: sdk
    version: "0.0.0"
  flutter_web_plugins:
    dependency: transitive
    description: flutter
    source: sdk
    version: "0.0.0"
  fluttertoast:
    dependency: "direct main"
    description:
      name: fluttertoast
      sha256: "7a738eddad04c7b27a1ecfecd12e8ecd4b188cdd2d91c252a02a4aba65838c9d"
      url: "https://pub.dev"
    source: hosted
    version: "8.1.1"
  flyy_flutter_plugin:
    dependency: "direct main"
    description:
      name: flyy_flutter_plugin
      sha256: "037db72665f25cc2e3cd9d83ace54d388f6b5a642e1286fa861b1627d8ca91a2"
      url: "https://pub.dev"
    source: hosted
    version: "1.1.41"
  go_router:
    dependency: "direct main"
    description:
      name: go_router
      sha256: "25ae21384b758eb80daff113fe8bfb785c2dd17b69fe4885008fe764b26fd1ca"
      url: "https://pub.dev"
    source: hosted
    version: "3.1.1"
  html:
    dependency: transitive
    description:
      name: html
      sha256: d9793e10dbe0e6c364f4c59bf3e01fb33a9b2a674bc7a1081693dba0614b6269
      url: "https://pub.dev"
    source: hosted
    version: "0.15.1"
  http:
    dependency: "direct main"
    description:
      name: http
      sha256: "6aa2946395183537c8b880962d935877325d6a09a2867c3970c05c0fed6ac482"
      url: "https://pub.dev"
    source: hosted
    version: "0.13.5"
  http_parser:
    dependency: transitive
    description:
      name: http_parser
      sha256: "2aa08ce0341cc9b354a498388e30986515406668dbcc4f7c950c3e715496693b"
      url: "https://pub.dev"
    source: hosted
    version: "4.0.2"
  image:
    dependency: transitive
    description:
      name: image
      sha256: f6ffe2895e3c86c6ad5a27e6302cf807403463e397cb2f0c580f619ac2fa588b
      url: "https://pub.dev"
    source: hosted
    version: "3.2.2"
  image_cropper:
    dependency: "direct main"
    description:
      name: image_cropper
      sha256: "60542ffd03436e6f80a1d7c9839f75b6a62b0a290cd98624fa29d150fdf672c8"
      url: "https://pub.dev"
    source: hosted
    version: "1.5.1"
  image_picker:
    dependency: "direct main"
    description:
      name: image_picker
      sha256: a8f2f0aed50c03230ab37e93ca2905c50b6c4097245345956eb24a88f45328cd
      url: "https://pub.dev"
    source: hosted
    version: "0.8.6"
  image_picker_android:
    dependency: transitive
    description:
      name: image_picker_android
      sha256: "822f71a53336bf1e638dbf955047080ca49ba0197f52c4fece9cf584c368648a"
      url: "https://pub.dev"
    source: hosted
    version: "0.8.5+3"
  image_picker_for_web:
    dependency: transitive
    description:
      name: image_picker_for_web
      sha256: "7d319fb74955ca46d9bf7011497860e3923bb67feebcf068f489311065863899"
      url: "https://pub.dev"
    source: hosted
    version: "2.1.10"
  image_picker_ios:
    dependency: transitive
    description:
      name: image_picker_ios
      sha256: "1768087441bd69ca632249d212c26fa8d530552d37b4896a4dd8d6781435c147"
      url: "https://pub.dev"
    source: hosted
    version: "0.8.6+1"
  image_picker_platform_interface:
    dependency: transitive
    description:
      name: image_picker_platform_interface
      sha256: "7cef2f28f4f2fef99180f636c3d446b4ccbafd6ba0fad2adc9a80c4040f656b8"
      url: "https://pub.dev"
    source: hosted
    version: "2.6.2"
  in_app_review:
    dependency: "direct main"
    description:
      name: in_app_review
      sha256: "16328b8202d36522322b95804ae5d975577aa9f584d634985849ba1099645850"
      url: "https://pub.dev"
    source: hosted
    version: "2.0.6"
  in_app_review_platform_interface:
    dependency: transitive
    description:
      name: in_app_review_platform_interface
      sha256: b12ec9aaf6b34d3a72aa95895eb252b381896246bdad4ef378d444affe8410ef
      url: "https://pub.dev"
    source: hosted
    version: "2.0.4"
  intl:
    dependency: "direct main"
    description:
      name: intl
      sha256: "910f85bce16fb5c6f614e117efa303e85a1731bb0081edf3604a2ae6e9a3cc91"
      url: "https://pub.dev"
    source: hosted
    version: "0.17.0"
  js:
    dependency: transitive
    description:
      name: js
      sha256: "5528c2f391ededb7775ec1daa69e65a2d61276f7552de2b5f7b8d34ee9fd4ab7"
      url: "https://pub.dev"
    source: hosted
    version: "0.6.5"
  just_audio:
    dependency: "direct main"
    description:
      name: just_audio
      sha256: ec0bdd51762454542882ec06b3015170d51b37ae074706569e30d3554133bd4c
      url: "https://pub.dev"
    source: hosted
    version: "0.9.30"
  just_audio_platform_interface:
    dependency: transitive
    description:
      name: just_audio_platform_interface
      sha256: eff112d5138bea3ba544b6338b1e0537a32b5e1425e4d0dc38f732771cda7c84
      url: "https://pub.dev"
    source: hosted
    version: "4.2.0"
  just_audio_web:
    dependency: transitive
    description:
      name: just_audio_web
      sha256: "89d8db6f19f3821bb6bf908c4bfb846079afb2ab575b783d781a6bf119e3abaf"
      url: "https://pub.dev"
    source: hosted
    version: "0.4.7"
  local_auth:
    dependency: "direct main"
    description:
      name: local_auth
      sha256: "792b06b9e7deb52f1f55b5de678a319261c395e61d804e0f3f97c732cf002aef"
      url: "https://pub.dev"
    source: hosted
    version: "2.1.2"
  local_auth_android:
    dependency: transitive
    description:
      name: local_auth_android
      sha256: dbbfee4e1c0689d89259580beb7d61b847c599536575365282da87e36cf63653
      url: "https://pub.dev"
    source: hosted
    version: "1.0.15"
  local_auth_ios:
    dependency: transitive
    description:
      name: local_auth_ios
      sha256: "0f1aa3fd625082b2a8291af830890bb43471d8421ab5c46934ca68a696743543"
      url: "https://pub.dev"
    source: hosted
    version: "1.0.10"
  local_auth_platform_interface:
    dependency: transitive
    description:
      name: local_auth_platform_interface
      sha256: b069647f81ed12c833d3f1f7c2880e20b86ca04429e786df76731ac2d4220c47
      url: "https://pub.dev"
    source: hosted
    version: "1.0.5"
  local_auth_windows:
    dependency: transitive
    description:
      name: local_auth_windows
      sha256: "53ef7487587e1cb06755861a9a74585b3b361ba1969ad374c728c75771a14fbb"
      url: "https://pub.dev"
    source: hosted
    version: "1.0.4"
  location:
    dependency: "direct main"
    description:
      name: location
      sha256: "9051959f6f2ccadd887b28b66e9cbbcc25b6838e37cf9e894c421ccc0ebf80b5"
      url: "https://pub.dev"
    source: hosted
    version: "4.4.0"
  location_platform_interface:
    dependency: transitive
    description:
      name: location_platform_interface
      sha256: "62eeaf1658e92e4459b727f55a3c328eccbac8ba043fa6d262ac5286ad48384c"
      url: "https://pub.dev"
    source: hosted
    version: "2.3.0"
  location_web:
    dependency: transitive
    description:
      name: location_web
      sha256: "6c08c408a040534c0269c4ff9fe17eebb5a36dea16512fbaf116b9c8bc21545b"
      url: "https://pub.dev"
    source: hosted
    version: "3.1.1"
  logging:
    dependency: transitive
    description:
      name: logging
      sha256: c0bbfe94d46aedf9b8b3e695cf3bd48c8e14b35e3b2c639e0aa7755d589ba946
      url: "https://pub.dev"
    source: hosted
    version: "1.1.0"
  matcher:
    dependency: transitive
    description:
      name: matcher
      sha256: "16db949ceee371e9b99d22f88fa3a73c4e59fd0afed0bd25fc336eb76c198b72"
      url: "https://pub.dev"
    source: hosted
    version: "0.12.13"
  material_color_utilities:
    dependency: transitive
    description:
      name: material_color_utilities
      sha256: d92141dc6fe1dad30722f9aa826c7fbc896d021d792f80678280601aff8cf724
      url: "https://pub.dev"
    source: hosted
    version: "0.2.0"
  meta:
    dependency: transitive
    description:
      name: meta
      sha256: "6c268b42ed578a53088d834796959e4a1814b5e9e164f147f580a386e5decf42"
      url: "https://pub.dev"
    source: hosted
    version: "1.8.0"
  modal_progress_hud_nsn:
    dependency: "direct main"
    description:
      name: modal_progress_hud_nsn
      sha256: "408b9bcce97567de94637de932260e50be48db1842edc761aeea61670e5ec30c"
      url: "https://pub.dev"
    source: hosted
    version: "0.3.0"
  nested:
    dependency: transitive
    description:
      name: nested
      sha256: "03bac4c528c64c95c722ec99280375a6f2fc708eec17c7b3f07253b626cd2a20"
      url: "https://pub.dev"
    source: hosted
    version: "1.0.0"
  nm:
    dependency: transitive
    description:
      name: nm
      sha256: "2c9aae4127bdc8993206464fcc063611e0e36e72018696cd9631023a31b24254"
      url: "https://pub.dev"
    source: hosted
    version: "0.5.0"
  open_file_safe:
    dependency: "direct main"
    description:
      name: open_file_safe
      sha256: "99a43b36307bf6946bdc3b54514bc5081af53f46feaec782c840a116b681647d"
      url: "https://pub.dev"
    source: hosted
    version: "3.2.3"
  otp_autofill:
    dependency: "direct main"
    description:
      name: otp_autofill
      sha256: "081a8366475db40c44f0582a34a779dbda0f54ac1f40a9b99dcd4b4546f025c2"
      url: "https://pub.dev"
    source: hosted
    version: "4.1.0"
  package_info_plus:
    dependency: "direct main"
    description:
      name: package_info_plus
      sha256: "7a6114becdf042be2b0777d77ace954d4a205644171a1cbd8712976b9bbb837c"
      url: "https://pub.dev"
    source: hosted
    version: "1.4.2"
  package_info_plus_linux:
    dependency: transitive
    description:
      name: package_info_plus_linux
      sha256: "04b575f44233d30edbb80a94e57cad9107aada334fc02aabb42b6becd13c43fc"
      url: "https://pub.dev"
    source: hosted
    version: "1.0.5"
  package_info_plus_macos:
    dependency: transitive
    description:
      name: package_info_plus_macos
      sha256: a2ad8b4acf4cd479d4a0afa5a74ea3f5b1c7563b77e52cc32b3ee6956d5482a6
      url: "https://pub.dev"
    source: hosted
    version: "1.3.0"
  package_info_plus_platform_interface:
    dependency: transitive
    description:
      name: package_info_plus_platform_interface
      sha256: f7a0c8f1e7e981bc65f8b64137a53fd3c195b18d429fba960babc59a5a1c7ae8
      url: "https://pub.dev"
    source: hosted
    version: "1.0.2"
  package_info_plus_web:
    dependency: transitive
    description:
      name: package_info_plus_web
      sha256: f0829327eb534789e0a16ccac8936a80beed4e2401c4d3a74f3f39094a822d3b
      url: "https://pub.dev"
    source: hosted
    version: "1.0.6"
  package_info_plus_windows:
    dependency: transitive
    description:
      name: package_info_plus_windows
      sha256: a6040b8695c82f8dd3c3d4dfab7ef96fbe9c67aac21b9bcf5db272589ef84441
      url: "https://pub.dev"
    source: hosted
    version: "1.0.5"
  path:
    dependency: transitive
    description:
      name: path
      sha256: db9d4f58c908a4ba5953fcee2ae317c94889433e5024c27ce74a37f94267945b
      url: "https://pub.dev"
    source: hosted
    version: "1.8.2"
  path_drawing:
    dependency: transitive
    description:
      name: path_drawing
      sha256: bbb1934c0cbb03091af082a6389ca2080345291ef07a5fa6d6e078ba8682f977
      url: "https://pub.dev"
    source: hosted
    version: "1.0.1"
  path_parsing:
    dependency: transitive
    description:
      name: path_parsing
      sha256: e3e67b1629e6f7e8100b367d3db6ba6af4b1f0bb80f64db18ef1fbabd2fa9ccf
      url: "https://pub.dev"
    source: hosted
    version: "1.0.1"
  path_provider:
    dependency: "direct main"
    description:
      name: path_provider
      sha256: "050e8e85e4b7fecdf2bb3682c1c64c4887a183720c802d323de8a5fd76d372dd"
      url: "https://pub.dev"
    source: hosted
    version: "2.0.11"
  path_provider_android:
    dependency: transitive
    description:
      name: path_provider_android
      sha256: a776c088d671b27f6e3aa8881d64b87b3e80201c64e8869b811325de7a76c15e
      url: "https://pub.dev"
    source: hosted
    version: "2.0.22"
  path_provider_ios:
    dependency: transitive
    description:
      name: path_provider_ios
      sha256: "03d639406f5343478352433f00d3c4394d52dac8df3d847869c5e2333e0bbce8"
      url: "https://pub.dev"
    source: hosted
    version: "2.0.11"
  path_provider_linux:
    dependency: transitive
    description:
      name: path_provider_linux
      sha256: ab0987bf95bc591da42dffb38c77398fc43309f0b9b894dcc5d6f40c4b26c379
      url: "https://pub.dev"
    source: hosted
    version: "2.1.7"
  path_provider_macos:
    dependency: transitive
    description:
      name: path_provider_macos
      sha256: "2a97e7fbb7ae9dcd0dfc1220a78e9ec3e71da691912e617e8715ff2a13086ae8"
      url: "https://pub.dev"
    source: hosted
    version: "2.0.6"
  path_provider_platform_interface:
    dependency: transitive
    description:
      name: path_provider_platform_interface
      sha256: f0abc8ebd7253741f05488b4813d936b4d07c6bae3e86148a09e342ee4b08e76
      url: "https://pub.dev"
    source: hosted
    version: "2.0.5"
  path_provider_windows:
    dependency: transitive
    description:
      name: path_provider_windows
      sha256: a34ecd7fb548f8e57321fd8e50d865d266941b54e6c3b7758cf8f37c24116905
      url: "https://pub.dev"
    source: hosted
    version: "2.0.7"
  pdf:
    dependency: "direct main"
    description:
      name: pdf
      sha256: "10659b915e65832b106f6d1d213e09b789cc1f24bf282ee911e49db35b96be4d"
      url: "https://pub.dev"
    source: hosted
    version: "3.8.4"
  percent_indicator:
    dependency: "direct main"
    description:
      name: percent_indicator
      sha256: "0c9824a4e10f19bb56bac9b0998765fdd665199a8b1eb5859854a26e8ef71fd7"
      url: "https://pub.dev"
    source: hosted
    version: "3.4.0"
  petitparser:
    dependency: transitive
    description:
      name: petitparser
      sha256: "2ebb289dc4764ec397f5cd3ca9881c6d17196130a7d646ed022a0dd9c2e25a71"
      url: "https://pub.dev"
    source: hosted
    version: "5.0.0"
  pin_code_fields:
    dependency: "direct main"
    description:
      name: pin_code_fields
      sha256: c8652519d14688f3fe2a8288d86910a46aa0b9046d728f292d3bf6067c31b4c7
      url: "https://pub.dev"
    source: hosted
    version: "7.4.0"
  platform:
    dependency: transitive
    description:
      name: platform
      sha256: "4a451831508d7d6ca779f7ac6e212b4023dd5a7d08a27a63da33756410e32b76"
      url: "https://pub.dev"
    source: hosted
    version: "3.1.0"
  plugin_platform_interface:
    dependency: transitive
    description:
      name: plugin_platform_interface
      sha256: dbf0f707c78beedc9200146ad3cb0ab4d5da13c246336987be6940f026500d3a
      url: "https://pub.dev"
    source: hosted
    version: "2.1.3"
  pointer_interceptor:
    dependency: transitive
    description:
      name: pointer_interceptor
      sha256: fee6ba42b910637465bc0d367ba27066c6eccfbc3bc0ceb14831915acc600db0
      url: "https://pub.dev"
    source: hosted
    version: "0.9.3+3"
  pointycastle:
    dependency: transitive
    description:
      name: pointycastle
      sha256: db7306cf0249f838d1a24af52b5a5887c5bf7f31d8bb4e827d071dc0939ad346
      url: "https://pub.dev"
    source: hosted
    version: "3.6.2"
  printing:
    dependency: "direct main"
    description:
      name: printing
      sha256: "4df9e22bd4cb2ecea67183e5b328711b10276127b8878d9d5cb60ccd4c24a77c"
      url: "https://pub.dev"
    source: hosted
    version: "5.9.3"
  process:
    dependency: transitive
    description:
      name: process
      sha256: "53fd8db9cec1d37b0574e12f07520d582019cb6c44abf5479a01505099a34a09"
      url: "https://pub.dev"
    source: hosted
    version: "4.2.4"
  provider:
    dependency: "direct main"
    description:
      name: provider
      sha256: e1e7413d70444ea3096815a60fe5da1b11bda8a9dc4769252cc82c53536f8bcc
      url: "https://pub.dev"
    source: hosted
    version: "6.0.4"
  qr:
    dependency: transitive
    description:
      name: qr
      sha256: "64957a3930367bf97cc211a5af99551d630f2f4625e38af10edd6b19131b64b3"
      url: "https://pub.dev"
    source: hosted
    version: "3.0.1"
  rxdart:
    dependency: transitive
    description:
      name: rxdart
      sha256: "0c7c0cedd93788d996e33041ffecda924cc54389199cde4e6a34b440f50044cb"
      url: "https://pub.dev"
    source: hosted
    version: "0.27.7"
  shared_preferences:
    dependency: "direct main"
    description:
      name: shared_preferences
      sha256: "76917b7d4b9526b2ba416808a7eb9fb2863c1a09cf63ec85f1453da240fa818a"
      url: "https://pub.dev"
    source: hosted
    version: "2.0.15"
  shared_preferences_android:
    dependency: transitive
    description:
      name: shared_preferences_android
      sha256: "8e251f3c986002b65fed6396bce81f379fb63c27317d49743cf289fd0fd1ab97"
      url: "https://pub.dev"
    source: hosted
    version: "2.0.14"
  shared_preferences_ios:
    dependency: transitive
    description:
      name: shared_preferences_ios
      sha256: "585a14cefec7da8c9c2fb8cd283a3bb726b4155c0952afe6a0caaa7b2272de34"
      url: "https://pub.dev"
    source: hosted
    version: "2.1.1"
  shared_preferences_linux:
    dependency: transitive
    description:
      name: shared_preferences_linux
      sha256: "28aefc1261746e7bad3d09799496054beb84e8c4ffcdfed7734e17b4ada459a5"
      url: "https://pub.dev"
    source: hosted
    version: "2.1.1"
  shared_preferences_macos:
    dependency: transitive
    description:
      name: shared_preferences_macos
      sha256: fbb94bf296576f49be37a1496d5951796211a8db0aa22cc0d68c46440dad808c
      url: "https://pub.dev"
    source: hosted
    version: "2.0.4"
  shared_preferences_platform_interface:
    dependency: transitive
    description:
      name: shared_preferences_platform_interface
      sha256: da9431745ede5ece47bc26d5d73a9d3c6936ef6945c101a5aca46f62e52c1cf3
      url: "https://pub.dev"
    source: hosted
    version: "2.1.0"
  shared_preferences_web:
    dependency: transitive
    description:
      name: shared_preferences_web
      sha256: a4b5bc37fe1b368bbc81f953197d55e12f49d0296e7e412dfe2d2d77d6929958
      url: "https://pub.dev"
    source: hosted
    version: "2.0.4"
  shared_preferences_windows:
    dependency: transitive
    description:
      name: shared_preferences_windows
      sha256: "97f7ab9a7da96d9cf19581f5de520ceb529548498bd6b5e0ccd02d68a0d15eba"
      url: "https://pub.dev"
    source: hosted
    version: "2.1.1"
  shimmer:
    dependency: "direct main"
    description:
      name: shimmer
      sha256: "1f1009b5845a1f88f1c5630212279540486f97409e9fc3f63883e71070d107bf"
      url: "https://pub.dev"
    source: hosted
    version: "2.0.0"
  sky_engine:
    dependency: transitive
    description: flutter
    source: sdk
    version: "0.0.99"
  source_span:
    dependency: transitive
    description:
      name: source_span
      sha256: dd904f795d4b4f3b870833847c461801f6750a9fa8e61ea5ac53f9422b31f250
      url: "https://pub.dev"
    source: hosted
    version: "1.9.1"
  stack_trace:
    dependency: transitive
    description:
      name: stack_trace
      sha256: c3c7d8edb15bee7f0f74debd4b9c5f3c2ea86766fe4178eb2a18eb30a0bdaed5
      url: "https://pub.dev"
    source: hosted
    version: "1.11.0"
  stream_channel:
    dependency: transitive
    description:
      name: stream_channel
      sha256: "83615bee9045c1d322bbbd1ba209b7a749c2cbcdcb3fdd1df8eb488b3279c1c8"
      url: "https://pub.dev"
    source: hosted
    version: "2.1.1"
  string_scanner:
    dependency: transitive
    description:
      name: string_scanner
      sha256: "556692adab6cfa87322a115640c11f13cb77b3f076ddcc5d6ae3c20242bedcde"
      url: "https://pub.dev"
    source: hosted
    version: "1.2.0"
  syncfusion_flutter_charts:
    dependency: "direct main"
    description:
      name: syncfusion_flutter_charts
      sha256: ac81cbde74468f9ad9931e1aa81cd9a9452b315ceb1f6a708c1c718bf566939e
      url: "https://pub.dev"
    source: hosted
    version: "20.3.60"
  syncfusion_flutter_core:
    dependency: "direct main"
    description:
      name: syncfusion_flutter_core
      sha256: "62191310045683672145c7fb5d0e5f9417f1cae875c60c10633c9617b808b75c"
      url: "https://pub.dev"
    source: hosted
    version: "20.3.60"
  syncfusion_flutter_maps:
    dependency: "direct main"
    description:
      name: syncfusion_flutter_maps
      sha256: "3269564b84a42db738bfed04019b0d0fcbb86afd8c45d3101eaf5724b06b41f4"
      url: "https://pub.dev"
    source: hosted
    version: "20.3.60"
  syncfusion_flutter_sliders:
    dependency: "direct main"
    description:
      name: syncfusion_flutter_sliders
      sha256: def304db7e96dcf13ff10beae80fc8f020570efc518bbcbec7f178bbf8317365
      url: "https://pub.dev"
    source: hosted
    version: "20.3.60"
  term_glyph:
    dependency: transitive
    description:
      name: term_glyph
      sha256: a29248a84fbb7c79282b40b8c72a1209db169a2e0542bce341da992fe1bc7e84
      url: "https://pub.dev"
    source: hosted
    version: "1.2.1"
  test_api:
    dependency: transitive
    description:
      name: test_api
      sha256: ad540f65f92caa91bf21dfc8ffb8c589d6e4dc0c2267818b4cc2792857706206
      url: "https://pub.dev"
    source: hosted
    version: "0.4.16"
  timezone:
    dependency: transitive
    description:
      name: timezone
      sha256: "2e59efc48e9f684c327c0498ac0b81411aee18b10c82f2db2c08f7f052493569"
      url: "https://pub.dev"
    source: hosted
    version: "0.9.0"
  typed_data:
    dependency: transitive
    description:
      name: typed_data
      sha256: "26f87ade979c47a150c9eaab93ccd2bebe70a27dc0b4b29517f2904f04eb11a5"
      url: "https://pub.dev"
    source: hosted
    version: "1.3.1"
  universal_html:
    dependency: "direct main"
    description:
      name: universal_html
      sha256: "5ff50b7c14d201421cf5230ec389a0591c4deb5c817c9d7ccca3b26fe5f31e34"
      url: "https://pub.dev"
    source: hosted
    version: "2.0.8"
  universal_io:
    dependency: transitive
    description:
      name: universal_io
      sha256: "79f78ddad839ee3aae3ec7c01eb4575faf0d5c860f8e5223bc9f9c17f7f03cef"
      url: "https://pub.dev"
    source: hosted
    version: "2.0.4"
  url_launcher:
    dependency: "direct main"
    description:
      name: url_launcher
      sha256: "3c92b0efb5e9dcb8f846aefabf9f0f739f91682ed486b991ceda51c288e60896"
      url: "https://pub.dev"
    source: hosted
    version: "6.1.7"
  url_launcher_android:
    dependency: transitive
    description:
      name: url_launcher_android
      sha256: "6f91d30ce9060c204b2dbe728adb300750fa4b228e8f7ed1b961aa1ceb728799"
      url: "https://pub.dev"
    source: hosted
    version: "6.0.22"
  url_launcher_ios:
    dependency: transitive
    description:
      name: url_launcher_ios
      sha256: "6ba7dddee26c9fae27c9203c424631109d73c8fa26cfa7bc3e35e751cb87f62e"
      url: "https://pub.dev"
    source: hosted
    version: "6.0.17"
  url_launcher_linux:
    dependency: transitive
    description:
      name: url_launcher_linux
      sha256: "360fa359ab06bcb4f7c5cd3123a2a9a4d3364d4575d27c4b33468bd4497dd094"
      url: "https://pub.dev"
    source: hosted
    version: "3.0.1"
  url_launcher_macos:
    dependency: transitive
    description:
      name: url_launcher_macos
      sha256: a9b3ea9043eabfaadfa3fb89de67a11210d85569086d22b3854484beab8b3978
      url: "https://pub.dev"
    source: hosted
    version: "3.0.1"
  url_launcher_platform_interface:
    dependency: transitive
    description:
      name: url_launcher_platform_interface
      sha256: "4eae912628763eb48fc214522e58e942fd16ce195407dbf45638239523c759a6"
      url: "https://pub.dev"
    source: hosted
    version: "2.1.1"
  url_launcher_web:
    dependency: transitive
    description:
      name: url_launcher_web
      sha256: "5669882643b96bb6d5786637cac727c6e918a790053b09245fd4513b8a07df2a"
      url: "https://pub.dev"
    source: hosted
    version: "2.0.13"
  url_launcher_windows:
    dependency: transitive
    description:
      name: url_launcher_windows
      sha256: e3c3b16d3104260c10eea3b0e34272aaa57921f83148b0619f74c2eced9b7ef1
      url: "https://pub.dev"
    source: hosted
    version: "3.0.1"
  uuid:
    dependency: transitive
    description:
      name: uuid
      sha256: "648e103079f7c64a36dc7d39369cabb358d377078a051d6ae2ad3aa539519313"
      url: "https://pub.dev"
    source: hosted
    version: "3.0.7"
  vector_math:
    dependency: transitive
    description:
      name: vector_math
      sha256: "80b3257d1492ce4d091729e3a67a60407d227c27241d6927be0130c98e741803"
      url: "https://pub.dev"
    source: hosted
    version: "2.1.4"
  webview_flutter:
    dependency: "direct main"
    description:
      name: webview_flutter
      sha256: "6886b3ceef1541109df5001054aade5ee3c36b5780302e41701c78357233721c"
      url: "https://pub.dev"
    source: hosted
    version: "2.8.0"
  webview_flutter_android:
    dependency: transitive
    description:
      name: webview_flutter_android
      sha256: "8b3b2450e98876c70bfcead876d9390573b34b9418c19e28168b74f6cb252dbd"
      url: "https://pub.dev"
    source: hosted
    version: "2.10.4"
  webview_flutter_platform_interface:
    dependency: transitive
    description:
      name: webview_flutter_platform_interface
      sha256: "812165e4e34ca677bdfbfa58c01e33b27fd03ab5fa75b70832d4b7d4ca1fa8cf"
      url: "https://pub.dev"
    source: hosted
    version: "1.9.5"
  webview_flutter_wkwebview:
    dependency: transitive
    description:
      name: webview_flutter_wkwebview
      sha256: a5364369c758892aa487cbf59ea41d9edd10f9d9baf06a94e80f1bd1b4c7bbc0
      url: "https://pub.dev"
    source: hosted
    version: "2.9.5"
  webviewx:
    dependency: "direct main"
    description:
      name: webviewx
      sha256: d7a7b73e0270c9e48d211dfc4174d19212134de7e8733cdda3d6dea13d7e0177
      url: "https://pub.dev"
    source: hosted
    version: "0.2.1"
  win32:
    dependency: transitive
    description:
      name: win32
      sha256: c0e3a4f7be7dae51d8f152230b86627e3397c1ba8c3fa58e63d44a9f3edc9cef
      url: "https://pub.dev"
    source: hosted
    version: "2.6.1"
  xdg_directories:
    dependency: transitive
    description:
      name: xdg_directories
      sha256: "11541eedefbcaec9de35aa82650b695297ce668662bbd6e3911a7fabdbde589f"
      url: "https://pub.dev"
    source: hosted
    version: "0.2.0+2"
  xml:
    dependency: transitive
    description:
      name: xml
      sha256: ac0e3f4bf00ba2708c33fbabbbe766300e509f8c82dbd4ab6525039813f7e2fb
      url: "https://pub.dev"
    source: hosted
    version: "6.1.0"
  youtube_player_flutter:
    dependency: "direct main"
    description:
      name: youtube_player_flutter
      sha256: "20334d537e0b362dcc2ec55aaf221570420732dffff73e84e47b6af18ea100f7"
      url: "https://pub.dev"
    source: hosted
    version: "8.1.1"
sdks:
  dart: ">=2.18.0 <3.0.0"
  flutter: ">=3.0.0"
